{
    "version": 3,
    "terraform_version": "0.11.8",
    "serial": 13,
    "lineage": "fc7f19b7-9301-54ed-ca7f-ec91df56e87e",
    "modules": [
        {
            "path": [
                "root"
            ],
            "outputs": {
                "public_ip": {
                    "sensitive": false,
                    "type": "string",
                    "value": "52.91.65.59"
                }
            },
            "resources": {
                "aws_instance.example": {
                    "type": "aws_instance",
                    "depends_on": [
                        "aws_key_pair.simplekeypair",
                        "aws_security_group.instance",
                        "aws_subnet.simpleVpc-public-1"
                    ],
                    "primary": {
                        "id": "i-d627ea44",
                        "attributes": {
                            "ami": "ami-04681a1dbd79675a5",
                            "arn": "arn:aws:ec2:us-east-1:267007499527:instance/i-d627ea44",
                            "associate_public_ip_address": "true",
                            "availability_zone": "us-east-1a",
                            "cpu_core_count": "1",
                            "cpu_threads_per_core": "1",
                            "credit_specification.#": "1",
                            "credit_specification.0.cpu_credits": "standard",
                            "disable_api_termination": "false",
                            "ebs_block_device.#": "0",
                            "ebs_optimized": "false",
                            "ephemeral_block_device.#": "0",
                            "get_password_data": "false",
                            "iam_instance_profile": "",
                            "id": "i-d627ea44",
                            "instance_state": "running",
                            "instance_type": "t2.micro",
                            "ipv6_addresses.#": "0",
                            "key_name": "simplekey",
                            "monitoring": "false",
                            "network_interface.#": "0",
                            "network_interface_id": "eni-957632a6",
                            "password_data": "",
                            "placement_group": "",
                            "primary_network_interface_id": "eni-957632a6",
                            "private_dns": "ip-10-0-0-76.ec2.internal",
                            "private_ip": "10.0.0.76",
                            "public_dns": "",
                            "public_ip": "52.91.65.59",
                            "root_block_device.#": "1",
                            "root_block_device.0.delete_on_termination": "true",
                            "root_block_device.0.iops": "100",
                            "root_block_device.0.volume_id": "vol-0e881b4eb2acbff26",
                            "root_block_device.0.volume_size": "8",
                            "root_block_device.0.volume_type": "gp2",
                            "security_groups.#": "0",
                            "source_dest_check": "true",
                            "subnet_id": "subnet-ce7dfe92",
                            "tags.%": "1",
                            "tags.Name": "terraform-example",
                            "tenancy": "default",
                            "user_data": "c765373c563b260626d113c4a56a46e8a8c5ca33",
                            "volume_tags.%": "0",
                            "vpc_security_group_ids.#": "1",
                            "vpc_security_group_ids.2944168067": "sg-907e77dc"
                        },
                        "meta": {
                            "e2bfb730-ecaa-11e6-8f88-34363bc7c4c0": {
                                "create": 600000000000,
                                "delete": 1200000000000,
                                "update": 600000000000
                            },
                            "schema_version": "1"
                        },
                        "tainted": false
                    },
                    "deposed": [],
                    "provider": "provider.aws"
                },
                "aws_internet_gateway.simple-gw": {
                    "type": "aws_internet_gateway",
                    "depends_on": [
                        "aws_vpc.simpleVpc"
                    ],
                    "primary": {
                        "id": "igw-a74342df",
                        "attributes": {
                            "id": "igw-a74342df",
                            "tags.%": "1",
                            "tags.Name": "SimpleIG",
                            "vpc_id": "vpc-61fc2e1b"
                        },
                        "meta": {},
                        "tainted": false
                    },
                    "deposed": [],
                    "provider": "provider.aws"
                },
                "aws_key_pair.simplekeypair": {
                    "type": "aws_key_pair",
                    "depends_on": [],
                    "primary": {
                        "id": "simplekey",
                        "attributes": {
                            "fingerprint": "9e:62:6e:aa:95:96:0f:4f:90:60:bd:12:cf:07:01:76",
                            "id": "simplekey",
                            "key_name": "simplekey",
                            "public_key": "ssh-rsa AAAAB3NzaC1yc2EAAAADAQABAAABAQCe/2JDKWGnkxRo/ROb8GekBfqb0YSfcGnx+kvHnXm83ao+etIIzmcV3yrq3zvUJAktEuZqE1OEj6YLxlYpiMqe/HJPfDs+CQMLLjNwV001Ve0ofJ7vvWUYFuyHRNpwi8U5IH2M75Q5nWp1ulnRgnVo8oGSw0Z9rOYML7p/t7s55iiCsPYYFmUPk4zKKT73zYoiFbHLF2Alftv+F9zvzv1bVQd8ceCk0SiOzA19ZKWlPWmi2ouWBawFcOf++W0gK76ntkLQR19oYJ3bBpgXo5ffqVWdBwGYZZGw3OLZ2HLXQxRWTOGZWijSH7DpeuI1NZoM0c3O5jtd6DLUXPR37hFj"
                        },
                        "meta": {
                            "schema_version": "1"
                        },
                        "tainted": false
                    },
                    "deposed": [],
                    "provider": "provider.aws"
                },
                "aws_route_table.simple-rt": {
                    "type": "aws_route_table",
                    "depends_on": [
                        "aws_internet_gateway.simple-gw",
                        "aws_vpc.simpleVpc"
                    ],
                    "primary": {
                        "id": "rtb-1a5f0665",
                        "attributes": {
                            "id": "rtb-1a5f0665",
                            "propagating_vgws.#": "0",
                            "route.#": "1",
                            "route.2323029004.cidr_block": "0.0.0.0/0",
                            "route.2323029004.egress_only_gateway_id": "",
                            "route.2323029004.gateway_id": "igw-a74342df",
                            "route.2323029004.instance_id": "",
                            "route.2323029004.ipv6_cidr_block": "",
                            "route.2323029004.nat_gateway_id": "",
                            "route.2323029004.network_interface_id": "",
                            "route.2323029004.vpc_peering_connection_id": "",
                            "tags.%": "1",
                            "tags.Name": "simple-rt",
                            "vpc_id": "vpc-61fc2e1b"
                        },
                        "meta": {},
                        "tainted": false
                    },
                    "deposed": [],
                    "provider": "provider.aws"
                },
                "aws_route_table_association.simple-rt-a": {
                    "type": "aws_route_table_association",
                    "depends_on": [
                        "aws_route_table.simple-rt",
                        "aws_subnet.simpleVpc-public-1"
                    ],
                    "primary": {
                        "id": "rtbassoc-719c150f",
                        "attributes": {
                            "id": "rtbassoc-719c150f",
                            "route_table_id": "rtb-1a5f0665",
                            "subnet_id": "subnet-ce7dfe92"
                        },
                        "meta": {},
                        "tainted": false
                    },
                    "deposed": [],
                    "provider": "provider.aws"
                },
                "aws_security_group.instance": {
                    "type": "aws_security_group",
                    "depends_on": [
                        "aws_vpc.simpleVpc"
                    ],
                    "primary": {
                        "id": "sg-907e77dc",
                        "attributes": {
                            "arn": "arn:aws:ec2:us-east-1:267007499527:security-group/sg-907e77dc",
                            "description": "Managed by Terraform",
                            "egress.#": "0",
                            "id": "sg-907e77dc",
                            "ingress.#": "3",
                            "ingress.2541437006.cidr_blocks.#": "1",
                            "ingress.2541437006.cidr_blocks.0": "0.0.0.0/0",
                            "ingress.2541437006.description": "",
                            "ingress.2541437006.from_port": "22",
                            "ingress.2541437006.ipv6_cidr_blocks.#": "0",
                            "ingress.2541437006.protocol": "tcp",
                            "ingress.2541437006.security_groups.#": "0",
                            "ingress.2541437006.self": "false",
                            "ingress.2541437006.to_port": "22",
                            "ingress.3068409405.cidr_blocks.#": "1",
                            "ingress.3068409405.cidr_blocks.0": "0.0.0.0/0",
                            "ingress.3068409405.description": "",
                            "ingress.3068409405.from_port": "8",
                            "ingress.3068409405.ipv6_cidr_blocks.#": "0",
                            "ingress.3068409405.protocol": "icmp",
                            "ingress.3068409405.security_groups.#": "0",
                            "ingress.3068409405.self": "false",
                            "ingress.3068409405.to_port": "0",
                            "ingress.516175195.cidr_blocks.#": "1",
                            "ingress.516175195.cidr_blocks.0": "0.0.0.0/0",
                            "ingress.516175195.description": "",
                            "ingress.516175195.from_port": "8080",
                            "ingress.516175195.ipv6_cidr_blocks.#": "0",
                            "ingress.516175195.protocol": "tcp",
                            "ingress.516175195.security_groups.#": "0",
                            "ingress.516175195.self": "false",
                            "ingress.516175195.to_port": "8080",
                            "name": "terraform-example-instance",
                            "owner_id": "267007499527",
                            "revoke_rules_on_delete": "false",
                            "tags.%": "0",
                            "vpc_id": "vpc-61fc2e1b"
                        },
                        "meta": {
                            "e2bfb730-ecaa-11e6-8f88-34363bc7c4c0": {
                                "create": 600000000000,
                                "delete": 600000000000
                            },
                            "schema_version": "1"
                        },
                        "tainted": false
                    },
                    "deposed": [],
                    "provider": "provider.aws"
                },
                "aws_subnet.simpleVpc-public-1": {
                    "type": "aws_subnet",
                    "depends_on": [
                        "aws_vpc.simpleVpc"
                    ],
                    "primary": {
                        "id": "subnet-ce7dfe92",
                        "attributes": {
                            "arn": "arn:aws:ec2:us-east-1:267007499527:subnet/subnet-ce7dfe92",
                            "assign_ipv6_address_on_creation": "false",
                            "availability_zone": "us-east-1a",
                            "cidr_block": "10.0.0.0/24",
                            "id": "subnet-ce7dfe92",
                            "map_public_ip_on_launch": "true",
                            "tags.%": "1",
                            "tags.Name": "simpleVpc-public-1",
                            "vpc_id": "vpc-61fc2e1b"
                        },
                        "meta": {
                            "schema_version": "1"
                        },
                        "tainted": false
                    },
                    "deposed": [],
                    "provider": "provider.aws"
                },
                "aws_vpc.simpleVpc": {
                    "type": "aws_vpc",
                    "depends_on": [],
                    "primary": {
                        "id": "vpc-61fc2e1b",
                        "attributes": {
                            "arn": "arn:aws:ec2:us-east-1:267007499527:vpc/vpc-61fc2e1b",
                            "assign_generated_ipv6_cidr_block": "false",
                            "cidr_block": "10.0.0.0/16",
                            "default_network_acl_id": "acl-81090cfb",
                            "default_route_table_id": "rtb-f35a038c",
                            "default_security_group_id": "sg-a6636aea",
                            "dhcp_options_id": "dopt-c9e79bb2",
                            "enable_classiclink": "false",
                            "enable_classiclink_dns_support": "false",
                            "enable_dns_hostnames": "false",
                            "enable_dns_support": "true",
                            "id": "vpc-61fc2e1b",
                            "instance_tenancy": "default",
                            "main_route_table_id": "rtb-f35a038c",
                            "tags.%": "1",
                            "tags.Name": "SimpleVpc"
                        },
                        "meta": {
                            "schema_version": "1"
                        },
                        "tainted": false
                    },
                    "deposed": [],
                    "provider": "provider.aws"
                }
            },
            "depends_on": []
        }
    ]
}
