{
    "version": 3,
    "terraform_version": "0.11.8",
    "serial": 13,
    "lineage": "fc7f19b7-9301-54ed-ca7f-ec91df56e87e",
    "modules": [
        {
            "path": [
                "root"
            ],
            "outputs": {},
            "resources": {
                "aws_internet_gateway.simple-gw": {
                    "type": "aws_internet_gateway",
                    "depends_on": [
                        "aws_vpc.simpleVpc"
                    ],
                    "primary": {
                        "id": "igw-a74342df",
                        "attributes": {
                            "id": "igw-a74342df",
                            "tags.%": "1",
                            "tags.Name": "SimpleIG",
                            "vpc_id": "vpc-61fc2e1b"
                        },
                        "meta": {},
                        "tainted": false
                    },
                    "deposed": [],
                    "provider": "provider.aws"
                },
                "aws_route_table.simple-rt": {
                    "type": "aws_route_table",
                    "depends_on": [
                        "aws_internet_gateway.simple-gw",
                        "aws_vpc.simpleVpc"
                    ],
                    "primary": {
                        "id": "rtb-1a5f0665",
                        "attributes": {
                            "id": "rtb-1a5f0665",
                            "propagating_vgws.#": "0",
                            "route.#": "1",
                            "route.2323029004.cidr_block": "0.0.0.0/0",
                            "route.2323029004.egress_only_gateway_id": "",
                            "route.2323029004.gateway_id": "igw-a74342df",
                            "route.2323029004.instance_id": "",
                            "route.2323029004.ipv6_cidr_block": "",
                            "route.2323029004.nat_gateway_id": "",
                            "route.2323029004.network_interface_id": "",
                            "route.2323029004.vpc_peering_connection_id": "",
                            "tags.%": "1",
                            "tags.Name": "simple-rt",
                            "vpc_id": "vpc-61fc2e1b"
                        },
                        "meta": {},
                        "tainted": false
                    },
                    "deposed": [],
                    "provider": "provider.aws"
                },
                "aws_route_table_association.simple-rt-a": {
                    "type": "aws_route_table_association",
                    "depends_on": [
                        "aws_route_table.simple-rt",
                        "aws_subnet.simpleVpc-public-1"
                    ],
                    "primary": {
                        "id": "rtbassoc-719c150f",
                        "attributes": {
                            "id": "rtbassoc-719c150f",
                            "route_table_id": "rtb-1a5f0665",
                            "subnet_id": "subnet-ce7dfe92"
                        },
                        "meta": {},
                        "tainted": false
                    },
                    "deposed": [],
                    "provider": "provider.aws"
                },
                "aws_security_group.instance": {
                    "type": "aws_security_group",
                    "depends_on": [
                        "aws_vpc.simpleVpc"
                    ],
                    "primary": {
                        "id": "sg-907e77dc",
                        "attributes": {
                            "arn": "arn:aws:ec2:us-east-1:267007499527:security-group/sg-907e77dc",
                            "description": "Managed by Terraform",
                            "egress.#": "0",
                            "id": "sg-907e77dc",
                            "ingress.#": "3",
                            "ingress.2541437006.cidr_blocks.#": "1",
                            "ingress.2541437006.cidr_blocks.0": "0.0.0.0/0",
                            "ingress.2541437006.description": "",
                            "ingress.2541437006.from_port": "22",
                            "ingress.2541437006.ipv6_cidr_blocks.#": "0",
                            "ingress.2541437006.protocol": "tcp",
                            "ingress.2541437006.security_groups.#": "0",
                            "ingress.2541437006.self": "false",
                            "ingress.2541437006.to_port": "22",
                            "ingress.3068409405.cidr_blocks.#": "1",
                            "ingress.3068409405.cidr_blocks.0": "0.0.0.0/0",
                            "ingress.3068409405.description": "",
                            "ingress.3068409405.from_port": "8",
                            "ingress.3068409405.ipv6_cidr_blocks.#": "0",
                            "ingress.3068409405.protocol": "icmp",
                            "ingress.3068409405.security_groups.#": "0",
                            "ingress.3068409405.self": "false",
                            "ingress.3068409405.to_port": "0",
                            "ingress.516175195.cidr_blocks.#": "1",
                            "ingress.516175195.cidr_blocks.0": "0.0.0.0/0",
                            "ingress.516175195.description": "",
                            "ingress.516175195.from_port": "8080",
                            "ingress.516175195.ipv6_cidr_blocks.#": "0",
                            "ingress.516175195.protocol": "tcp",
                            "ingress.516175195.security_groups.#": "0",
                            "ingress.516175195.self": "false",
                            "ingress.516175195.to_port": "8080",
                            "name": "terraform-example-instance",
                            "owner_id": "267007499527",
                            "revoke_rules_on_delete": "false",
                            "tags.%": "0",
                            "vpc_id": "vpc-61fc2e1b"
                        },
                        "meta": {
                            "e2bfb730-ecaa-11e6-8f88-34363bc7c4c0": {
                                "create": 600000000000,
                                "delete": 600000000000
                            },
                            "schema_version": "1"
                        },
                        "tainted": false
                    },
                    "deposed": [],
                    "provider": "provider.aws"
                },
                "aws_subnet.simpleVpc-public-1": {
                    "type": "aws_subnet",
                    "depends_on": [
                        "aws_vpc.simpleVpc"
                    ],
                    "primary": {
                        "id": "subnet-ce7dfe92",
                        "attributes": {
                            "arn": "arn:aws:ec2:us-east-1:267007499527:subnet/subnet-ce7dfe92",
                            "assign_ipv6_address_on_creation": "false",
                            "availability_zone": "us-east-1a",
                            "cidr_block": "10.0.0.0/24",
                            "id": "subnet-ce7dfe92",
                            "map_public_ip_on_launch": "true",
                            "tags.%": "1",
                            "tags.Name": "simpleVpc-public-1",
                            "vpc_id": "vpc-61fc2e1b"
                        },
                        "meta": {
                            "schema_version": "1"
                        },
                        "tainted": false
                    },
                    "deposed": [],
                    "provider": "provider.aws"
                },
                "aws_vpc.simpleVpc": {
                    "type": "aws_vpc",
                    "depends_on": [],
                    "primary": {
                        "id": "vpc-61fc2e1b",
                        "attributes": {
                            "arn": "arn:aws:ec2:us-east-1:267007499527:vpc/vpc-61fc2e1b",
                            "assign_generated_ipv6_cidr_block": "false",
                            "cidr_block": "10.0.0.0/16",
                            "default_network_acl_id": "acl-81090cfb",
                            "default_route_table_id": "rtb-f35a038c",
                            "default_security_group_id": "sg-a6636aea",
                            "dhcp_options_id": "dopt-c9e79bb2",
                            "enable_classiclink": "false",
                            "enable_classiclink_dns_support": "false",
                            "enable_dns_hostnames": "false",
                            "enable_dns_support": "true",
                            "id": "vpc-61fc2e1b",
                            "instance_tenancy": "default",
                            "main_route_table_id": "rtb-f35a038c",
                            "tags.%": "1",
                            "tags.Name": "SimpleVpc"
                        },
                        "meta": {
                            "schema_version": "1"
                        },
                        "tainted": false
                    },
                    "deposed": [],
                    "provider": "provider.aws"
                }
            },
            "depends_on": []
        }
    ]
}
